
Microsoft Visual Studio Solution File, Format Version 12.00
# Visual Studio 15
VisualStudioVersion = 15.0.26430.16
MinimumVisualStudioVersion = 10.0.40219.1
Project("{8BC9CEB8-8B4A-11D0-8D11-00A0C91BC942}") = "ngramcount", "ngramcount\ngramcount.vcxproj", "{ECFF6FC8-087B-4E19-8751-390DFD223346}"
EndProject
Project("{8BC9CEB8-8B4A-11D0-8D11-00A0C91BC942}") = "ngrammake", "ngrammake\ngrammake.vcxproj", "{BCF4B0DA-E2F9-49C4-BA91-060DC9C852DA}"
EndProject
Project("{8BC9CEB8-8B4A-11D0-8D11-00A0C91BC942}") = "ngramprint", "ngramprint\ngramprint.vcxproj", "{62D644F3-9BE3-4B3A-B5D2-1F64CB341B84}"
EndProject
Project("{8BC9CEB8-8B4A-11D0-8D11-00A0C91BC942}") = "ngramsymbols", "ngramsymbols\ngramsymbols.vcxproj", "{DC341665-D402-4B9B-A893-5AC6CC96C12F}"
EndProject
Project("{8BC9CEB8-8B4A-11D0-8D11-00A0C91BC942}") = "ngramapply", "ngramapply\ngramapply.vcxproj", "{C4B6B27A-188B-4796-830C-D69EE0ACB1D5}"
EndProject
Project("{8BC9CEB8-8B4A-11D0-8D11-00A0C91BC942}") = "ngramcontext", "ngramcontext\ngramcontext.vcxproj", "{47A04723-923D-451C-AED8-4060011CCC0B}"
EndProject
Project("{8BC9CEB8-8B4A-11D0-8D11-00A0C91BC942}") = "ngraminfo", "ngraminfo\ngraminfo.vcxproj", "{5FA921E0-7799-43A0-85CD-F9C089D65C8F}"
EndProject
Project("{8BC9CEB8-8B4A-11D0-8D11-00A0C91BC942}") = "ngrammarginalize", "ngrammarginalize\ngrammarginalize.vcxproj", "{987BD72B-EE28-4F15-905C-A7CBB70C5FC4}"
EndProject
Project("{8BC9CEB8-8B4A-11D0-8D11-00A0C91BC942}") = "ngrammerge", "ngrammerge\ngrammerge.vcxproj", "{D058153B-0F62-4815-A5EA-9CDCE6262ECE}"
EndProject
Project("{8BC9CEB8-8B4A-11D0-8D11-00A0C91BC942}") = "ngramperplexity", "ngramperplexity\ngramperplexity.vcxproj", "{B6A72539-6468-45CD-A238-8B3E7D16EF87}"
EndProject
Project("{8BC9CEB8-8B4A-11D0-8D11-00A0C91BC942}") = "ngramrandgen", "ngramrandgen\ngramrandgen.vcxproj", "{AC032E7C-CD68-473E-9302-50FA668053CC}"
EndProject
Project("{8BC9CEB8-8B4A-11D0-8D11-00A0C91BC942}") = "ngramread", "ngramread\ngramread.vcxproj", "{3FD67C24-DD20-4246-82C9-4CE64EBB0108}"
EndProject
Project("{8BC9CEB8-8B4A-11D0-8D11-00A0C91BC942}") = "ngramshrink", "ngramshrink\ngramshrink.vcxproj", "{89C4504F-5EEC-4BAB-BA31-AFD08C09A42D}"
EndProject
Project("{8BC9CEB8-8B4A-11D0-8D11-00A0C91BC942}") = "ngramsort", "ngramsort\ngramsort.vcxproj", "{834D5209-B3A0-41AB-926D-46F442E05B87}"
EndProject
Project("{8BC9CEB8-8B4A-11D0-8D11-00A0C91BC942}") = "ngramsplit", "ngramsplit\ngramsplit.vcxproj", "{3C0D1036-1063-4F7C-B4B2-45238427B596}"
EndProject
Project("{8BC9CEB8-8B4A-11D0-8D11-00A0C91BC942}") = "ngramtransfer", "ngramtransfer\ngramtransfer.vcxproj", "{1491C6EA-21B6-4FE1-8404-703F26C62CEB}"
EndProject
Project("{8BC9CEB8-8B4A-11D0-8D11-00A0C91BC942}") = "ngram", "ngram\ngram.vcxproj", "{F29E97E8-6BD7-4611-BFC5-6660DA272009}"
EndProject
Project("{8BC9CEB8-8B4A-11D0-8D11-00A0C91BC942}") = "ngramhist", "ngramhist\ngramhist.vcxproj", "{3E4B9FED-9C7C-476F-B4D0-D17078BA6CC6}"
EndProject
Global
	GlobalSection(SolutionConfigurationPlatforms) = preSolution
		Debug|x64 = Debug|x64
		Debug|x86 = Debug|x86
		Release|x64 = Release|x64
		Release|x86 = Release|x86
	EndGlobalSection
	GlobalSection(ProjectConfigurationPlatforms) = postSolution
		{ECFF6FC8-087B-4E19-8751-390DFD223346}.Debug|x64.ActiveCfg = Debug|x64
		{ECFF6FC8-087B-4E19-8751-390DFD223346}.Debug|x64.Build.0 = Debug|x64
		{ECFF6FC8-087B-4E19-8751-390DFD223346}.Debug|x86.ActiveCfg = Debug|Win32
		{ECFF6FC8-087B-4E19-8751-390DFD223346}.Debug|x86.Build.0 = Debug|Win32
		{ECFF6FC8-087B-4E19-8751-390DFD223346}.Release|x64.ActiveCfg = Release|x64
		{ECFF6FC8-087B-4E19-8751-390DFD223346}.Release|x64.Build.0 = Release|x64
		{ECFF6FC8-087B-4E19-8751-390DFD223346}.Release|x86.ActiveCfg = Release|Win32
		{ECFF6FC8-087B-4E19-8751-390DFD223346}.Release|x86.Build.0 = Release|Win32
		{BCF4B0DA-E2F9-49C4-BA91-060DC9C852DA}.Debug|x64.ActiveCfg = Debug|x64
		{BCF4B0DA-E2F9-49C4-BA91-060DC9C852DA}.Debug|x64.Build.0 = Debug|x64
		{BCF4B0DA-E2F9-49C4-BA91-060DC9C852DA}.Debug|x86.ActiveCfg = Debug|Win32
		{BCF4B0DA-E2F9-49C4-BA91-060DC9C852DA}.Debug|x86.Build.0 = Debug|Win32
		{BCF4B0DA-E2F9-49C4-BA91-060DC9C852DA}.Release|x64.ActiveCfg = Release|x64
		{BCF4B0DA-E2F9-49C4-BA91-060DC9C852DA}.Release|x64.Build.0 = Release|x64
		{BCF4B0DA-E2F9-49C4-BA91-060DC9C852DA}.Release|x86.ActiveCfg = Release|Win32
		{BCF4B0DA-E2F9-49C4-BA91-060DC9C852DA}.Release|x86.Build.0 = Release|Win32
		{62D644F3-9BE3-4B3A-B5D2-1F64CB341B84}.Debug|x64.ActiveCfg = Debug|x64
		{62D644F3-9BE3-4B3A-B5D2-1F64CB341B84}.Debug|x64.Build.0 = Debug|x64
		{62D644F3-9BE3-4B3A-B5D2-1F64CB341B84}.Debug|x86.ActiveCfg = Debug|Win32
		{62D644F3-9BE3-4B3A-B5D2-1F64CB341B84}.Debug|x86.Build.0 = Debug|Win32
		{62D644F3-9BE3-4B3A-B5D2-1F64CB341B84}.Release|x64.ActiveCfg = Release|x64
		{62D644F3-9BE3-4B3A-B5D2-1F64CB341B84}.Release|x64.Build.0 = Release|x64
		{62D644F3-9BE3-4B3A-B5D2-1F64CB341B84}.Release|x86.ActiveCfg = Release|Win32
		{62D644F3-9BE3-4B3A-B5D2-1F64CB341B84}.Release|x86.Build.0 = Release|Win32
		{DC341665-D402-4B9B-A893-5AC6CC96C12F}.Debug|x64.ActiveCfg = Debug|x64
		{DC341665-D402-4B9B-A893-5AC6CC96C12F}.Debug|x64.Build.0 = Debug|x64
		{DC341665-D402-4B9B-A893-5AC6CC96C12F}.Debug|x86.ActiveCfg = Debug|Win32
		{DC341665-D402-4B9B-A893-5AC6CC96C12F}.Debug|x86.Build.0 = Debug|Win32
		{DC341665-D402-4B9B-A893-5AC6CC96C12F}.Release|x64.ActiveCfg = Release|x64
		{DC341665-D402-4B9B-A893-5AC6CC96C12F}.Release|x64.Build.0 = Release|x64
		{DC341665-D402-4B9B-A893-5AC6CC96C12F}.Release|x86.ActiveCfg = Release|Win32
		{DC341665-D402-4B9B-A893-5AC6CC96C12F}.Release|x86.Build.0 = Release|Win32
		{C4B6B27A-188B-4796-830C-D69EE0ACB1D5}.Debug|x64.ActiveCfg = Debug|x64
		{C4B6B27A-188B-4796-830C-D69EE0ACB1D5}.Debug|x64.Build.0 = Debug|x64
		{C4B6B27A-188B-4796-830C-D69EE0ACB1D5}.Debug|x86.ActiveCfg = Debug|Win32
		{C4B6B27A-188B-4796-830C-D69EE0ACB1D5}.Debug|x86.Build.0 = Debug|Win32
		{C4B6B27A-188B-4796-830C-D69EE0ACB1D5}.Release|x64.ActiveCfg = Release|x64
		{C4B6B27A-188B-4796-830C-D69EE0ACB1D5}.Release|x64.Build.0 = Release|x64
		{C4B6B27A-188B-4796-830C-D69EE0ACB1D5}.Release|x86.ActiveCfg = Release|Win32
		{C4B6B27A-188B-4796-830C-D69EE0ACB1D5}.Release|x86.Build.0 = Release|Win32
		{47A04723-923D-451C-AED8-4060011CCC0B}.Debug|x64.ActiveCfg = Debug|x64
		{47A04723-923D-451C-AED8-4060011CCC0B}.Debug|x64.Build.0 = Debug|x64
		{47A04723-923D-451C-AED8-4060011CCC0B}.Debug|x86.ActiveCfg = Debug|Win32
		{47A04723-923D-451C-AED8-4060011CCC0B}.Debug|x86.Build.0 = Debug|Win32
		{47A04723-923D-451C-AED8-4060011CCC0B}.Release|x64.ActiveCfg = Release|x64
		{47A04723-923D-451C-AED8-4060011CCC0B}.Release|x64.Build.0 = Release|x64
		{47A04723-923D-451C-AED8-4060011CCC0B}.Release|x86.ActiveCfg = Release|Win32
		{47A04723-923D-451C-AED8-4060011CCC0B}.Release|x86.Build.0 = Release|Win32
		{5FA921E0-7799-43A0-85CD-F9C089D65C8F}.Debug|x64.ActiveCfg = Debug|x64
		{5FA921E0-7799-43A0-85CD-F9C089D65C8F}.Debug|x64.Build.0 = Debug|x64
		{5FA921E0-7799-43A0-85CD-F9C089D65C8F}.Debug|x86.ActiveCfg = Debug|Win32
		{5FA921E0-7799-43A0-85CD-F9C089D65C8F}.Debug|x86.Build.0 = Debug|Win32
		{5FA921E0-7799-43A0-85CD-F9C089D65C8F}.Release|x64.ActiveCfg = Release|x64
		{5FA921E0-7799-43A0-85CD-F9C089D65C8F}.Release|x64.Build.0 = Release|x64
		{5FA921E0-7799-43A0-85CD-F9C089D65C8F}.Release|x86.ActiveCfg = Release|Win32
		{5FA921E0-7799-43A0-85CD-F9C089D65C8F}.Release|x86.Build.0 = Release|Win32
		{987BD72B-EE28-4F15-905C-A7CBB70C5FC4}.Debug|x64.ActiveCfg = Debug|x64
		{987BD72B-EE28-4F15-905C-A7CBB70C5FC4}.Debug|x64.Build.0 = Debug|x64
		{987BD72B-EE28-4F15-905C-A7CBB70C5FC4}.Debug|x86.ActiveCfg = Debug|Win32
		{987BD72B-EE28-4F15-905C-A7CBB70C5FC4}.Debug|x86.Build.0 = Debug|Win32
		{987BD72B-EE28-4F15-905C-A7CBB70C5FC4}.Release|x64.ActiveCfg = Release|x64
		{987BD72B-EE28-4F15-905C-A7CBB70C5FC4}.Release|x64.Build.0 = Release|x64
		{987BD72B-EE28-4F15-905C-A7CBB70C5FC4}.Release|x86.ActiveCfg = Release|Win32
		{987BD72B-EE28-4F15-905C-A7CBB70C5FC4}.Release|x86.Build.0 = Release|Win32
		{D058153B-0F62-4815-A5EA-9CDCE6262ECE}.Debug|x64.ActiveCfg = Debug|x64
		{D058153B-0F62-4815-A5EA-9CDCE6262ECE}.Debug|x64.Build.0 = Debug|x64
		{D058153B-0F62-4815-A5EA-9CDCE6262ECE}.Debug|x86.ActiveCfg = Debug|Win32
		{D058153B-0F62-4815-A5EA-9CDCE6262ECE}.Debug|x86.Build.0 = Debug|Win32
		{D058153B-0F62-4815-A5EA-9CDCE6262ECE}.Release|x64.ActiveCfg = Release|x64
		{D058153B-0F62-4815-A5EA-9CDCE6262ECE}.Release|x64.Build.0 = Release|x64
		{D058153B-0F62-4815-A5EA-9CDCE6262ECE}.Release|x86.ActiveCfg = Release|Win32
		{D058153B-0F62-4815-A5EA-9CDCE6262ECE}.Release|x86.Build.0 = Release|Win32
		{B6A72539-6468-45CD-A238-8B3E7D16EF87}.Debug|x64.ActiveCfg = Debug|x64
		{B6A72539-6468-45CD-A238-8B3E7D16EF87}.Debug|x64.Build.0 = Debug|x64
		{B6A72539-6468-45CD-A238-8B3E7D16EF87}.Debug|x86.ActiveCfg = Debug|Win32
		{B6A72539-6468-45CD-A238-8B3E7D16EF87}.Debug|x86.Build.0 = Debug|Win32
		{B6A72539-6468-45CD-A238-8B3E7D16EF87}.Release|x64.ActiveCfg = Release|x64
		{B6A72539-6468-45CD-A238-8B3E7D16EF87}.Release|x64.Build.0 = Release|x64
		{B6A72539-6468-45CD-A238-8B3E7D16EF87}.Release|x86.ActiveCfg = Release|Win32
		{B6A72539-6468-45CD-A238-8B3E7D16EF87}.Release|x86.Build.0 = Release|Win32
		{AC032E7C-CD68-473E-9302-50FA668053CC}.Debug|x64.ActiveCfg = Debug|x64
		{AC032E7C-CD68-473E-9302-50FA668053CC}.Debug|x64.Build.0 = Debug|x64
		{AC032E7C-CD68-473E-9302-50FA668053CC}.Debug|x86.ActiveCfg = Debug|Win32
		{AC032E7C-CD68-473E-9302-50FA668053CC}.Debug|x86.Build.0 = Debug|Win32
		{AC032E7C-CD68-473E-9302-50FA668053CC}.Release|x64.ActiveCfg = Release|x64
		{AC032E7C-CD68-473E-9302-50FA668053CC}.Release|x64.Build.0 = Release|x64
		{AC032E7C-CD68-473E-9302-50FA668053CC}.Release|x86.ActiveCfg = Release|Win32
		{AC032E7C-CD68-473E-9302-50FA668053CC}.Release|x86.Build.0 = Release|Win32
		{3FD67C24-DD20-4246-82C9-4CE64EBB0108}.Debug|x64.ActiveCfg = Debug|x64
		{3FD67C24-DD20-4246-82C9-4CE64EBB0108}.Debug|x64.Build.0 = Debug|x64
		{3FD67C24-DD20-4246-82C9-4CE64EBB0108}.Debug|x86.ActiveCfg = Debug|Win32
		{3FD67C24-DD20-4246-82C9-4CE64EBB0108}.Debug|x86.Build.0 = Debug|Win32
		{3FD67C24-DD20-4246-82C9-4CE64EBB0108}.Release|x64.ActiveCfg = Release|x64
		{3FD67C24-DD20-4246-82C9-4CE64EBB0108}.Release|x64.Build.0 = Release|x64
		{3FD67C24-DD20-4246-82C9-4CE64EBB0108}.Release|x86.ActiveCfg = Release|Win32
		{3FD67C24-DD20-4246-82C9-4CE64EBB0108}.Release|x86.Build.0 = Release|Win32
		{89C4504F-5EEC-4BAB-BA31-AFD08C09A42D}.Debug|x64.ActiveCfg = Debug|x64
		{89C4504F-5EEC-4BAB-BA31-AFD08C09A42D}.Debug|x64.Build.0 = Debug|x64
		{89C4504F-5EEC-4BAB-BA31-AFD08C09A42D}.Debug|x86.ActiveCfg = Debug|Win32
		{89C4504F-5EEC-4BAB-BA31-AFD08C09A42D}.Debug|x86.Build.0 = Debug|Win32
		{89C4504F-5EEC-4BAB-BA31-AFD08C09A42D}.Release|x64.ActiveCfg = Release|x64
		{89C4504F-5EEC-4BAB-BA31-AFD08C09A42D}.Release|x64.Build.0 = Release|x64
		{89C4504F-5EEC-4BAB-BA31-AFD08C09A42D}.Release|x86.ActiveCfg = Release|Win32
		{89C4504F-5EEC-4BAB-BA31-AFD08C09A42D}.Release|x86.Build.0 = Release|Win32
		{834D5209-B3A0-41AB-926D-46F442E05B87}.Debug|x64.ActiveCfg = Debug|x64
		{834D5209-B3A0-41AB-926D-46F442E05B87}.Debug|x64.Build.0 = Debug|x64
		{834D5209-B3A0-41AB-926D-46F442E05B87}.Debug|x86.ActiveCfg = Debug|Win32
		{834D5209-B3A0-41AB-926D-46F442E05B87}.Debug|x86.Build.0 = Debug|Win32
		{834D5209-B3A0-41AB-926D-46F442E05B87}.Release|x64.ActiveCfg = Release|x64
		{834D5209-B3A0-41AB-926D-46F442E05B87}.Release|x64.Build.0 = Release|x64
		{834D5209-B3A0-41AB-926D-46F442E05B87}.Release|x86.ActiveCfg = Release|Win32
		{834D5209-B3A0-41AB-926D-46F442E05B87}.Release|x86.Build.0 = Release|Win32
		{3C0D1036-1063-4F7C-B4B2-45238427B596}.Debug|x64.ActiveCfg = Debug|x64
		{3C0D1036-1063-4F7C-B4B2-45238427B596}.Debug|x64.Build.0 = Debug|x64
		{3C0D1036-1063-4F7C-B4B2-45238427B596}.Debug|x86.ActiveCfg = Debug|Win32
		{3C0D1036-1063-4F7C-B4B2-45238427B596}.Debug|x86.Build.0 = Debug|Win32
		{3C0D1036-1063-4F7C-B4B2-45238427B596}.Release|x64.ActiveCfg = Release|x64
		{3C0D1036-1063-4F7C-B4B2-45238427B596}.Release|x64.Build.0 = Release|x64
		{3C0D1036-1063-4F7C-B4B2-45238427B596}.Release|x86.ActiveCfg = Release|Win32
		{3C0D1036-1063-4F7C-B4B2-45238427B596}.Release|x86.Build.0 = Release|Win32
		{1491C6EA-21B6-4FE1-8404-703F26C62CEB}.Debug|x64.ActiveCfg = Debug|x64
		{1491C6EA-21B6-4FE1-8404-703F26C62CEB}.Debug|x64.Build.0 = Debug|x64
		{1491C6EA-21B6-4FE1-8404-703F26C62CEB}.Debug|x86.ActiveCfg = Debug|Win32
		{1491C6EA-21B6-4FE1-8404-703F26C62CEB}.Debug|x86.Build.0 = Debug|Win32
		{1491C6EA-21B6-4FE1-8404-703F26C62CEB}.Release|x64.ActiveCfg = Release|x64
		{1491C6EA-21B6-4FE1-8404-703F26C62CEB}.Release|x64.Build.0 = Release|x64
		{1491C6EA-21B6-4FE1-8404-703F26C62CEB}.Release|x86.ActiveCfg = Release|Win32
		{1491C6EA-21B6-4FE1-8404-703F26C62CEB}.Release|x86.Build.0 = Release|Win32
		{F29E97E8-6BD7-4611-BFC5-6660DA272009}.Debug|x64.ActiveCfg = Debug|x64
		{F29E97E8-6BD7-4611-BFC5-6660DA272009}.Debug|x64.Build.0 = Debug|x64
		{F29E97E8-6BD7-4611-BFC5-6660DA272009}.Debug|x86.ActiveCfg = Debug|Win32
		{F29E97E8-6BD7-4611-BFC5-6660DA272009}.Debug|x86.Build.0 = Debug|Win32
		{F29E97E8-6BD7-4611-BFC5-6660DA272009}.Release|x64.ActiveCfg = Release|x64
		{F29E97E8-6BD7-4611-BFC5-6660DA272009}.Release|x64.Build.0 = Release|x64
		{F29E97E8-6BD7-4611-BFC5-6660DA272009}.Release|x86.ActiveCfg = Release|Win32
		{F29E97E8-6BD7-4611-BFC5-6660DA272009}.Release|x86.Build.0 = Release|Win32
		{3E4B9FED-9C7C-476F-B4D0-D17078BA6CC6}.Debug|x64.ActiveCfg = Debug|x64
		{3E4B9FED-9C7C-476F-B4D0-D17078BA6CC6}.Debug|x64.Build.0 = Debug|x64
		{3E4B9FED-9C7C-476F-B4D0-D17078BA6CC6}.Debug|x86.ActiveCfg = Debug|Win32
		{3E4B9FED-9C7C-476F-B4D0-D17078BA6CC6}.Debug|x86.Build.0 = Debug|Win32
		{3E4B9FED-9C7C-476F-B4D0-D17078BA6CC6}.Release|x64.ActiveCfg = Release|x64
		{3E4B9FED-9C7C-476F-B4D0-D17078BA6CC6}.Release|x64.Build.0 = Release|x64
		{3E4B9FED-9C7C-476F-B4D0-D17078BA6CC6}.Release|x86.ActiveCfg = Release|Win32
		{3E4B9FED-9C7C-476F-B4D0-D17078BA6CC6}.Release|x86.Build.0 = Release|Win32
	EndGlobalSection
	GlobalSection(SolutionProperties) = preSolution
		HideSolutionNode = FALSE
	EndGlobalSection
	GlobalSection(ExtensibilityGlobals) = postSolution
		SolutionGuid = {18A24312-806D-412D-9128-105CB68134AC}
	EndGlobalSection
EndGlobal
